// !$*UTF8*$!
{
	archiveVersion = 1;
	classes = {
	};
	objectVersion = 50;
	objects = {

/* Begin PBXBuildFile section */
		242447B425D89927002290F2 /* AnnotationDetailViewModel.swift in Sources */ = {isa = PBXBuildFile; fileRef = 242447B325D89927002290F2 /* AnnotationDetailViewModel.swift */; };
		242447B725D8B1E1002290F2 /* TakePhotoAlert.swift in Sources */ = {isa = PBXBuildFile; fileRef = 242447B625D8B1E1002290F2 /* TakePhotoAlert.swift */; };
		242447BA25E0A625002290F2 /* MakeupLogRepository.swift in Sources */ = {isa = PBXBuildFile; fileRef = 242447B925E0A625002290F2 /* MakeupLogRepository.swift */; };
		242447BC25E0EB65002290F2 /* FaceAnnotation.swift in Sources */ = {isa = PBXBuildFile; fileRef = 242447BB25E0EB65002290F2 /* FaceAnnotation.swift */; };
		242447BF25E0EB9A002290F2 /* ColorPalletAnnotation.swift in Sources */ = {isa = PBXBuildFile; fileRef = 242447BE25E0EB9A002290F2 /* ColorPalletAnnotation.swift */; };
		242447C125E0EBEA002290F2 /* MakeupLog.swift in Sources */ = {isa = PBXBuildFile; fileRef = 242447C025E0EBEA002290F2 /* MakeupLog.swift */; };
		242447C425E0EFBF002290F2 /* MakeupLogListViewController.swift in Sources */ = {isa = PBXBuildFile; fileRef = 242447C325E0EFBF002290F2 /* MakeupLogListViewController.swift */; };
		242447C625E0F00D002290F2 /* MakeupLogListViewModel.swift in Sources */ = {isa = PBXBuildFile; fileRef = 242447C525E0F00D002290F2 /* MakeupLogListViewModel.swift */; };
		242447C925E0F398002290F2 /* MakeupLogViewController.swift in Sources */ = {isa = PBXBuildFile; fileRef = 242447C825E0F398002290F2 /* MakeupLogViewController.swift */; };
		242447CB25E0F3BB002290F2 /* MakeupLogViewModel.swift in Sources */ = {isa = PBXBuildFile; fileRef = 242447CA25E0F3BB002290F2 /* MakeupLogViewModel.swift */; };
		2446ED1D25D54790005BD9F3 /* AnnotationMoveImageView.swift in Sources */ = {isa = PBXBuildFile; fileRef = 2446ED1C25D54790005BD9F3 /* AnnotationMoveImageView.swift */; };
		2446ED2025D5713C005BD9F3 /* AnnotationView.swift in Sources */ = {isa = PBXBuildFile; fileRef = 2446ED1F25D5713C005BD9F3 /* AnnotationView.swift */; };
		2446ED2225D774D5005BD9F3 /* CommentCell.swift in Sources */ = {isa = PBXBuildFile; fileRef = 2446ED2125D774D5005BD9F3 /* CommentCell.swift */; };
		2446ED2425D776BD005BD9F3 /* Comment.swift in Sources */ = {isa = PBXBuildFile; fileRef = 2446ED2325D776BD005BD9F3 /* Comment.swift */; };
		2446ED2625D77A28005BD9F3 /* ColorPallet.swift in Sources */ = {isa = PBXBuildFile; fileRef = 2446ED2525D77A28005BD9F3 /* ColorPallet.swift */; };
		2446ED2A25D893E4005BD9F3 /* AnnotationDetailViewController.swift in Sources */ = {isa = PBXBuildFile; fileRef = 2446ED2925D893E4005BD9F3 /* AnnotationDetailViewController.swift */; };
		24B1128125A9576100EE8DEA /* AppDelegate.swift in Sources */ = {isa = PBXBuildFile; fileRef = 24B1128025A9576100EE8DEA /* AppDelegate.swift */; };
		24B1128325A9576100EE8DEA /* SceneDelegate.swift in Sources */ = {isa = PBXBuildFile; fileRef = 24B1128225A9576100EE8DEA /* SceneDelegate.swift */; };
		24B1128525A9576100EE8DEA /* FacePartViewController.swift in Sources */ = {isa = PBXBuildFile; fileRef = 24B1128425A9576100EE8DEA /* FacePartViewController.swift */; };
		24B1128A25A9576300EE8DEA /* Assets.xcassets in Resources */ = {isa = PBXBuildFile; fileRef = 24B1128925A9576300EE8DEA /* Assets.xcassets */; };
		24B1128D25A9576300EE8DEA /* LaunchScreen.storyboard in Resources */ = {isa = PBXBuildFile; fileRef = 24B1128B25A9576300EE8DEA /* LaunchScreen.storyboard */; };
		24B1129825A9576300EE8DEA /* MakeupLoggerTests.swift in Sources */ = {isa = PBXBuildFile; fileRef = 24B1129725A9576300EE8DEA /* MakeupLoggerTests.swift */; };
		24B112A325A9576300EE8DEA /* MakeupLoggerUITests.swift in Sources */ = {isa = PBXBuildFile; fileRef = 24B112A225A9576300EE8DEA /* MakeupLoggerUITests.swift */; };
		24B112BC25B1A54A00EE8DEA /* CommentListAdapter.swift in Sources */ = {isa = PBXBuildFile; fileRef = 24B112BB25B1A54A00EE8DEA /* CommentListAdapter.swift */; };
		24B112C425B2D4DC00EE8DEA /* FacePartViewModel.swift in Sources */ = {isa = PBXBuildFile; fileRef = 24B112C325B2D4DC00EE8DEA /* FacePartViewModel.swift */; };
		24B112CA25B2D70100EE8DEA /* Annotation.swift in Sources */ = {isa = PBXBuildFile; fileRef = 24B112C925B2D70100EE8DEA /* Annotation.swift */; };
/* End PBXBuildFile section */

/* Begin PBXContainerItemProxy section */
		24B1129425A9576300EE8DEA /* PBXContainerItemProxy */ = {
			isa = PBXContainerItemProxy;
			containerPortal = 24B1127525A9576100EE8DEA /* Project object */;
			proxyType = 1;
			remoteGlobalIDString = 24B1127C25A9576100EE8DEA;
			remoteInfo = MakeupLogger;
		};
		24B1129F25A9576300EE8DEA /* PBXContainerItemProxy */ = {
			isa = PBXContainerItemProxy;
			containerPortal = 24B1127525A9576100EE8DEA /* Project object */;
			proxyType = 1;
			remoteGlobalIDString = 24B1127C25A9576100EE8DEA;
			remoteInfo = MakeupLogger;
		};
/* End PBXContainerItemProxy section */

/* Begin PBXFileReference section */
		242447B325D89927002290F2 /* AnnotationDetailViewModel.swift */ = {isa = PBXFileReference; lastKnownFileType = sourcecode.swift; path = AnnotationDetailViewModel.swift; sourceTree = "<group>"; };
		242447B625D8B1E1002290F2 /* TakePhotoAlert.swift */ = {isa = PBXFileReference; lastKnownFileType = sourcecode.swift; path = TakePhotoAlert.swift; sourceTree = "<group>"; };
		242447B925E0A625002290F2 /* MakeupLogRepository.swift */ = {isa = PBXFileReference; lastKnownFileType = sourcecode.swift; path = MakeupLogRepository.swift; sourceTree = "<group>"; };
		242447BB25E0EB65002290F2 /* FaceAnnotation.swift */ = {isa = PBXFileReference; lastKnownFileType = sourcecode.swift; path = FaceAnnotation.swift; sourceTree = "<group>"; };
		242447BE25E0EB9A002290F2 /* ColorPalletAnnotation.swift */ = {isa = PBXFileReference; lastKnownFileType = sourcecode.swift; path = ColorPalletAnnotation.swift; sourceTree = "<group>"; };
		242447C025E0EBEA002290F2 /* MakeupLog.swift */ = {isa = PBXFileReference; lastKnownFileType = sourcecode.swift; path = MakeupLog.swift; sourceTree = "<group>"; };
		242447C325E0EFBF002290F2 /* MakeupLogListViewController.swift */ = {isa = PBXFileReference; lastKnownFileType = sourcecode.swift; path = MakeupLogListViewController.swift; sourceTree = "<group>"; };
		242447C525E0F00D002290F2 /* MakeupLogListViewModel.swift */ = {isa = PBXFileReference; lastKnownFileType = sourcecode.swift; path = MakeupLogListViewModel.swift; sourceTree = "<group>"; };
		242447C825E0F398002290F2 /* MakeupLogViewController.swift */ = {isa = PBXFileReference; lastKnownFileType = sourcecode.swift; path = MakeupLogViewController.swift; sourceTree = "<group>"; };
		242447CA25E0F3BB002290F2 /* MakeupLogViewModel.swift */ = {isa = PBXFileReference; lastKnownFileType = sourcecode.swift; path = MakeupLogViewModel.swift; sourceTree = "<group>"; };
		2446ED1C25D54790005BD9F3 /* AnnotationMoveImageView.swift */ = {isa = PBXFileReference; lastKnownFileType = sourcecode.swift; path = AnnotationMoveImageView.swift; sourceTree = "<group>"; };
		2446ED1F25D5713C005BD9F3 /* AnnotationView.swift */ = {isa = PBXFileReference; lastKnownFileType = sourcecode.swift; path = AnnotationView.swift; sourceTree = "<group>"; };
		2446ED2125D774D5005BD9F3 /* CommentCell.swift */ = {isa = PBXFileReference; lastKnownFileType = sourcecode.swift; path = CommentCell.swift; sourceTree = "<group>"; };
		2446ED2325D776BD005BD9F3 /* Comment.swift */ = {isa = PBXFileReference; lastKnownFileType = sourcecode.swift; path = Comment.swift; sourceTree = "<group>"; };
		2446ED2525D77A28005BD9F3 /* ColorPallet.swift */ = {isa = PBXFileReference; lastKnownFileType = sourcecode.swift; path = ColorPallet.swift; sourceTree = "<group>"; };
		2446ED2925D893E4005BD9F3 /* AnnotationDetailViewController.swift */ = {isa = PBXFileReference; lastKnownFileType = sourcecode.swift; path = AnnotationDetailViewController.swift; sourceTree = "<group>"; };
		24B1127D25A9576100EE8DEA /* MakeupLogger.app */ = {isa = PBXFileReference; explicitFileType = wrapper.application; includeInIndex = 0; path = MakeupLogger.app; sourceTree = BUILT_PRODUCTS_DIR; };
		24B1128025A9576100EE8DEA /* AppDelegate.swift */ = {isa = PBXFileReference; lastKnownFileType = sourcecode.swift; path = AppDelegate.swift; sourceTree = "<group>"; };
		24B1128225A9576100EE8DEA /* SceneDelegate.swift */ = {isa = PBXFileReference; lastKnownFileType = sourcecode.swift; path = SceneDelegate.swift; sourceTree = "<group>"; };
		24B1128425A9576100EE8DEA /* FacePartViewController.swift */ = {isa = PBXFileReference; lastKnownFileType = sourcecode.swift; path = FacePartViewController.swift; sourceTree = "<group>"; };
		24B1128925A9576300EE8DEA /* Assets.xcassets */ = {isa = PBXFileReference; lastKnownFileType = folder.assetcatalog; path = Assets.xcassets; sourceTree = "<group>"; };
		24B1128C25A9576300EE8DEA /* Base */ = {isa = PBXFileReference; lastKnownFileType = file.storyboard; name = Base; path = Base.lproj/LaunchScreen.storyboard; sourceTree = "<group>"; };
		24B1128E25A9576300EE8DEA /* Info.plist */ = {isa = PBXFileReference; lastKnownFileType = text.plist.xml; path = Info.plist; sourceTree = "<group>"; };
		24B1129325A9576300EE8DEA /* MakeupLoggerTests.xctest */ = {isa = PBXFileReference; explicitFileType = wrapper.cfbundle; includeInIndex = 0; path = MakeupLoggerTests.xctest; sourceTree = BUILT_PRODUCTS_DIR; };
		24B1129725A9576300EE8DEA /* MakeupLoggerTests.swift */ = {isa = PBXFileReference; lastKnownFileType = sourcecode.swift; path = MakeupLoggerTests.swift; sourceTree = "<group>"; };
		24B1129925A9576300EE8DEA /* Info.plist */ = {isa = PBXFileReference; lastKnownFileType = text.plist.xml; path = Info.plist; sourceTree = "<group>"; };
		24B1129E25A9576300EE8DEA /* MakeupLoggerUITests.xctest */ = {isa = PBXFileReference; explicitFileType = wrapper.cfbundle; includeInIndex = 0; path = MakeupLoggerUITests.xctest; sourceTree = BUILT_PRODUCTS_DIR; };
		24B112A225A9576300EE8DEA /* MakeupLoggerUITests.swift */ = {isa = PBXFileReference; lastKnownFileType = sourcecode.swift; path = MakeupLoggerUITests.swift; sourceTree = "<group>"; };
		24B112A425A9576300EE8DEA /* Info.plist */ = {isa = PBXFileReference; lastKnownFileType = text.plist.xml; path = Info.plist; sourceTree = "<group>"; };
		24B112BB25B1A54A00EE8DEA /* CommentListAdapter.swift */ = {isa = PBXFileReference; lastKnownFileType = sourcecode.swift; path = CommentListAdapter.swift; sourceTree = "<group>"; };
		24B112C325B2D4DC00EE8DEA /* FacePartViewModel.swift */ = {isa = PBXFileReference; lastKnownFileType = sourcecode.swift; path = FacePartViewModel.swift; sourceTree = "<group>"; };
		24B112C925B2D70100EE8DEA /* Annotation.swift */ = {isa = PBXFileReference; lastKnownFileType = sourcecode.swift; path = Annotation.swift; sourceTree = "<group>"; };
/* End PBXFileReference section */

/* Begin PBXFrameworksBuildPhase section */
		24B1127A25A9576100EE8DEA /* Frameworks */ = {
			isa = PBXFrameworksBuildPhase;
			buildActionMask = 2147483647;
			files = (
			);
			runOnlyForDeploymentPostprocessing = 0;
		};
		24B1129025A9576300EE8DEA /* Frameworks */ = {
			isa = PBXFrameworksBuildPhase;
			buildActionMask = 2147483647;
			files = (
			);
			runOnlyForDeploymentPostprocessing = 0;
		};
		24B1129B25A9576300EE8DEA /* Frameworks */ = {
			isa = PBXFrameworksBuildPhase;
			buildActionMask = 2147483647;
			files = (
			);
			runOnlyForDeploymentPostprocessing = 0;
		};
/* End PBXFrameworksBuildPhase section */

/* Begin PBXGroup section */
		242447B525D8B1C6002290F2 /* Service */ = {
			isa = PBXGroup;
			children = (
				242447B625D8B1E1002290F2 /* TakePhotoAlert.swift */,
			);
			path = Service;
			sourceTree = "<group>";
		};
		242447B825E0A5F8002290F2 /* DataStore */ = {
			isa = PBXGroup;
			children = (
				242447B925E0A625002290F2 /* MakeupLogRepository.swift */,
			);
			path = DataStore;
			sourceTree = "<group>";
		};
		242447BD25E0EB7C002290F2 /* Annotation */ = {
			isa = PBXGroup;
			children = (
				24B112C925B2D70100EE8DEA /* Annotation.swift */,
				242447BB25E0EB65002290F2 /* FaceAnnotation.swift */,
				242447BE25E0EB9A002290F2 /* ColorPalletAnnotation.swift */,
			);
			path = Annotation;
			sourceTree = "<group>";
		};
		242447C225E0EF82002290F2 /* MakeupLogList */ = {
			isa = PBXGroup;
			children = (
				242447C325E0EFBF002290F2 /* MakeupLogListViewController.swift */,
				242447C525E0F00D002290F2 /* MakeupLogListViewModel.swift */,
			);
			path = MakeupLogList;
			sourceTree = "<group>";
		};
		242447C725E0F388002290F2 /* MakeupLog */ = {
			isa = PBXGroup;
			children = (
				242447C825E0F398002290F2 /* MakeupLogViewController.swift */,
				242447CA25E0F3BB002290F2 /* MakeupLogViewModel.swift */,
			);
			path = MakeupLog;
			sourceTree = "<group>";
		};
		2446ED1E25D57130005BD9F3 /* Views */ = {
			isa = PBXGroup;
			children = (
				242447C225E0EF82002290F2 /* MakeupLogList */,
				242447C725E0F388002290F2 /* MakeupLog */,
				2446ED2825D893BB005BD9F3 /* AnnotationDetail */,
				2446ED2725D892DF005BD9F3 /* Annotation */,
			);
			path = Views;
			sourceTree = "<group>";
		};
		2446ED2725D892DF005BD9F3 /* Annotation */ = {
			isa = PBXGroup;
			children = (
				24B1128425A9576100EE8DEA /* FacePartViewController.swift */,
				24B112C325B2D4DC00EE8DEA /* FacePartViewModel.swift */,
				2446ED1F25D5713C005BD9F3 /* AnnotationView.swift */,
				2446ED2125D774D5005BD9F3 /* CommentCell.swift */,
				2446ED1C25D54790005BD9F3 /* AnnotationMoveImageView.swift */,
				24B112BB25B1A54A00EE8DEA /* CommentListAdapter.swift */,
			);
			path = Annotation;
			sourceTree = "<group>";
		};
		2446ED2825D893BB005BD9F3 /* AnnotationDetail */ = {
			isa = PBXGroup;
			children = (
				2446ED2925D893E4005BD9F3 /* AnnotationDetailViewController.swift */,
				242447B325D89927002290F2 /* AnnotationDetailViewModel.swift */,
			);
			path = AnnotationDetail;
			sourceTree = "<group>";
		};
		24B1127425A9576100EE8DEA = {
			isa = PBXGroup;
			children = (
				24B1127F25A9576100EE8DEA /* MakeupLogger */,
				24B1129625A9576300EE8DEA /* MakeupLoggerTests */,
				24B112A125A9576300EE8DEA /* MakeupLoggerUITests */,
				24B1127E25A9576100EE8DEA /* Products */,
			);
			sourceTree = "<group>";
		};
		24B1127E25A9576100EE8DEA /* Products */ = {
			isa = PBXGroup;
			children = (
				24B1127D25A9576100EE8DEA /* MakeupLogger.app */,
				24B1129325A9576300EE8DEA /* MakeupLoggerTests.xctest */,
				24B1129E25A9576300EE8DEA /* MakeupLoggerUITests.xctest */,
			);
			name = Products;
			sourceTree = "<group>";
		};
		24B1127F25A9576100EE8DEA /* MakeupLogger */ = {
			isa = PBXGroup;
			children = (
				242447B825E0A5F8002290F2 /* DataStore */,
				242447B525D8B1C6002290F2 /* Service */,
				2446ED1E25D57130005BD9F3 /* Views */,
				24B112C825B2D6F200EE8DEA /* Domain */,
				24B1128025A9576100EE8DEA /* AppDelegate.swift */,
				24B1128225A9576100EE8DEA /* SceneDelegate.swift */,
				24B1128925A9576300EE8DEA /* Assets.xcassets */,
				24B1128B25A9576300EE8DEA /* LaunchScreen.storyboard */,
				24B1128E25A9576300EE8DEA /* Info.plist */,
			);
			path = MakeupLogger;
			sourceTree = "<group>";
		};
		24B1129625A9576300EE8DEA /* MakeupLoggerTests */ = {
			isa = PBXGroup;
			children = (
				24B1129725A9576300EE8DEA /* MakeupLoggerTests.swift */,
				24B1129925A9576300EE8DEA /* Info.plist */,
			);
			path = MakeupLoggerTests;
			sourceTree = "<group>";
		};
		24B112A125A9576300EE8DEA /* MakeupLoggerUITests */ = {
			isa = PBXGroup;
			children = (
				24B112A225A9576300EE8DEA /* MakeupLoggerUITests.swift */,
				24B112A425A9576300EE8DEA /* Info.plist */,
			);
			path = MakeupLoggerUITests;
			sourceTree = "<group>";
		};
		24B112C825B2D6F200EE8DEA /* Domain */ = {
			isa = PBXGroup;
			children = (
				242447BD25E0EB7C002290F2 /* Annotation */,
				2446ED2325D776BD005BD9F3 /* Comment.swift */,
				2446ED2525D77A28005BD9F3 /* ColorPallet.swift */,
				242447C025E0EBEA002290F2 /* MakeupLog.swift */,
			);
			path = Domain;
			sourceTree = "<group>";
		};
/* End PBXGroup section */

/* Begin PBXNativeTarget section */
		24B1127C25A9576100EE8DEA /* MakeupLogger */ = {
			isa = PBXNativeTarget;
			buildConfigurationList = 24B112A725A9576300EE8DEA /* Build configuration list for PBXNativeTarget "MakeupLogger" */;
			buildPhases = (
				24B1127925A9576100EE8DEA /* Sources */,
				24B1127A25A9576100EE8DEA /* Frameworks */,
				24B1127B25A9576100EE8DEA /* Resources */,
			);
			buildRules = (
			);
			dependencies = (
			);
			name = MakeupLogger;
			productName = MakeupLogger;
			productReference = 24B1127D25A9576100EE8DEA /* MakeupLogger.app */;
			productType = "com.apple.product-type.application";
		};
		24B1129225A9576300EE8DEA /* MakeupLoggerTests */ = {
			isa = PBXNativeTarget;
			buildConfigurationList = 24B112AA25A9576300EE8DEA /* Build configuration list for PBXNativeTarget "MakeupLoggerTests" */;
			buildPhases = (
				24B1128F25A9576300EE8DEA /* Sources */,
				24B1129025A9576300EE8DEA /* Frameworks */,
				24B1129125A9576300EE8DEA /* Resources */,
			);
			buildRules = (
			);
			dependencies = (
				24B1129525A9576300EE8DEA /* PBXTargetDependency */,
			);
			name = MakeupLoggerTests;
			productName = MakeupLoggerTests;
			productReference = 24B1129325A9576300EE8DEA /* MakeupLoggerTests.xctest */;
			productType = "com.apple.product-type.bundle.unit-test";
		};
		24B1129D25A9576300EE8DEA /* MakeupLoggerUITests */ = {
			isa = PBXNativeTarget;
			buildConfigurationList = 24B112AD25A9576300EE8DEA /* Build configuration list for PBXNativeTarget "MakeupLoggerUITests" */;
			buildPhases = (
				24B1129A25A9576300EE8DEA /* Sources */,
				24B1129B25A9576300EE8DEA /* Frameworks */,
				24B1129C25A9576300EE8DEA /* Resources */,
			);
			buildRules = (
			);
			dependencies = (
				24B112A025A9576300EE8DEA /* PBXTargetDependency */,
			);
			name = MakeupLoggerUITests;
			productName = MakeupLoggerUITests;
			productReference = 24B1129E25A9576300EE8DEA /* MakeupLoggerUITests.xctest */;
			productType = "com.apple.product-type.bundle.ui-testing";
		};
/* End PBXNativeTarget section */

/* Begin PBXProject section */
		24B1127525A9576100EE8DEA /* Project object */ = {
			isa = PBXProject;
			attributes = {
				LastSwiftUpdateCheck = 1220;
				LastUpgradeCheck = 1220;
				TargetAttributes = {
					24B1127C25A9576100EE8DEA = {
						CreatedOnToolsVersion = 12.2;
					};
					24B1129225A9576300EE8DEA = {
						CreatedOnToolsVersion = 12.2;
						TestTargetID = 24B1127C25A9576100EE8DEA;
					};
					24B1129D25A9576300EE8DEA = {
						CreatedOnToolsVersion = 12.2;
						TestTargetID = 24B1127C25A9576100EE8DEA;
					};
				};
			};
			buildConfigurationList = 24B1127825A9576100EE8DEA /* Build configuration list for PBXProject "MakeupLogger" */;
			compatibilityVersion = "Xcode 9.3";
			developmentRegion = en;
			hasScannedForEncodings = 0;
			knownRegions = (
				en,
				Base,
			);
			mainGroup = 24B1127425A9576100EE8DEA;
			productRefGroup = 24B1127E25A9576100EE8DEA /* Products */;
			projectDirPath = "";
			projectRoot = "";
			targets = (
				24B1127C25A9576100EE8DEA /* MakeupLogger */,
				24B1129225A9576300EE8DEA /* MakeupLoggerTests */,
				24B1129D25A9576300EE8DEA /* MakeupLoggerUITests */,
			);
		};
/* End PBXProject section */

/* Begin PBXResourcesBuildPhase section */
		24B1127B25A9576100EE8DEA /* Resources */ = {
			isa = PBXResourcesBuildPhase;
			buildActionMask = 2147483647;
			files = (
				24B1128D25A9576300EE8DEA /* LaunchScreen.storyboard in Resources */,
				24B1128A25A9576300EE8DEA /* Assets.xcassets in Resources */,
			);
			runOnlyForDeploymentPostprocessing = 0;
		};
		24B1129125A9576300EE8DEA /* Resources */ = {
			isa = PBXResourcesBuildPhase;
			buildActionMask = 2147483647;
			files = (
			);
			runOnlyForDeploymentPostprocessing = 0;
		};
		24B1129C25A9576300EE8DEA /* Resources */ = {
			isa = PBXResourcesBuildPhase;
			buildActionMask = 2147483647;
			files = (
			);
			runOnlyForDeploymentPostprocessing = 0;
		};
/* End PBXResourcesBuildPhase section */

/* Begin PBXSourcesBuildPhase section */
		24B1127925A9576100EE8DEA /* Sources */ = {
			isa = PBXSourcesBuildPhase;
			buildActionMask = 2147483647;
			files = (
				24B112C425B2D4DC00EE8DEA /* FacePartViewModel.swift in Sources */,
				242447B425D89927002290F2 /* AnnotationDetailViewModel.swift in Sources */,
				242447B725D8B1E1002290F2 /* TakePhotoAlert.swift in Sources */,
				24B1128525A9576100EE8DEA /* FacePartViewController.swift in Sources */,
				242447C625E0F00D002290F2 /* MakeupLogListViewModel.swift in Sources */,
				24B1128125A9576100EE8DEA /* AppDelegate.swift in Sources */,
				2446ED1D25D54790005BD9F3 /* AnnotationMoveImageView.swift in Sources */,
				2446ED2A25D893E4005BD9F3 /* AnnotationDetailViewController.swift in Sources */,
				242447BA25E0A625002290F2 /* MakeupLogRepository.swift in Sources */,
				242447CB25E0F3BB002290F2 /* MakeupLogViewModel.swift in Sources */,
				2446ED2625D77A28005BD9F3 /* ColorPallet.swift in Sources */,
				242447BC25E0EB65002290F2 /* FaceAnnotation.swift in Sources */,
				24B1128325A9576100EE8DEA /* SceneDelegate.swift in Sources */,
				2446ED2425D776BD005BD9F3 /* Comment.swift in Sources */,
				242447C925E0F398002290F2 /* MakeupLogViewController.swift in Sources */,
				242447BF25E0EB9A002290F2 /* ColorPalletAnnotation.swift in Sources */,
				2446ED2225D774D5005BD9F3 /* CommentCell.swift in Sources */,
				2446ED2025D5713C005BD9F3 /* AnnotationView.swift in Sources */,
				24B112CA25B2D70100EE8DEA /* Annotation.swift in Sources */,
				24B112BC25B1A54A00EE8DEA /* CommentListAdapter.swift in Sources */,
				242447C125E0EBEA002290F2 /* MakeupLog.swift in Sources */,
				242447C425E0EFBF002290F2 /* MakeupLogListViewController.swift in Sources */,
			);
			runOnlyForDeploymentPostprocessing = 0;
		};
		24B1128F25A9576300EE8DEA /* Sources */ = {
			isa = PBXSourcesBuildPhase;
			buildActionMask = 2147483647;
			files = (
				24B1129825A9576300EE8DEA /* MakeupLoggerTests.swift in Sources */,
			);
			runOnlyForDeploymentPostprocessing = 0;
		};
		24B1129A25A9576300EE8DEA /* Sources */ = {
			isa = PBXSourcesBuildPhase;
			buildActionMask = 2147483647;
			files = (
				24B112A325A9576300EE8DEA /* MakeupLoggerUITests.swift in Sources */,
			);
			runOnlyForDeploymentPostprocessing = 0;
		};
/* End PBXSourcesBuildPhase section */

/* Begin PBXTargetDependency section */
		24B1129525A9576300EE8DEA /* PBXTargetDependency */ = {
			isa = PBXTargetDependency;
			target = 24B1127C25A9576100EE8DEA /* MakeupLogger */;
			targetProxy = 24B1129425A9576300EE8DEA /* PBXContainerItemProxy */;
		};
		24B112A025A9576300EE8DEA /* PBXTargetDependency */ = {
			isa = PBXTargetDependency;
			target = 24B1127C25A9576100EE8DEA /* MakeupLogger */;
			targetProxy = 24B1129F25A9576300EE8DEA /* PBXContainerItemProxy */;
		};
/* End PBXTargetDependency section */

/* Begin PBXVariantGroup section */
		24B1128B25A9576300EE8DEA /* LaunchScreen.storyboard */ = {
			isa = PBXVariantGroup;
			children = (
				24B1128C25A9576300EE8DEA /* Base */,
			);
			name = LaunchScreen.storyboard;
			sourceTree = "<group>";
		};
/* End PBXVariantGroup section */

/* Begin XCBuildConfiguration section */
		24B112A525A9576300EE8DEA /* Debug */ = {
			isa = XCBuildConfiguration;
			buildSettings = {
				ALWAYS_SEARCH_USER_PATHS = NO;
				CLANG_ANALYZER_NONNULL = YES;
				CLANG_ANALYZER_NUMBER_OBJECT_CONVERSION = YES_AGGRESSIVE;
				CLANG_CXX_LANGUAGE_STANDARD = "gnu++14";
				CLANG_CXX_LIBRARY = "libc++";
				CLANG_ENABLE_MODULES = YES;
				CLANG_ENABLE_OBJC_ARC = YES;
				CLANG_ENABLE_OBJC_WEAK = YES;
				CLANG_WARN_BLOCK_CAPTURE_AUTORELEASING = YES;
				CLANG_WARN_BOOL_CONVERSION = YES;
				CLANG_WARN_COMMA = YES;
				CLANG_WARN_CONSTANT_CONVERSION = YES;
				CLANG_WARN_DEPRECATED_OBJC_IMPLEMENTATIONS = YES;
				CLANG_WARN_DIRECT_OBJC_ISA_USAGE = YES_ERROR;
				CLANG_WARN_DOCUMENTATION_COMMENTS = YES;
				CLANG_WARN_EMPTY_BODY = YES;
				CLANG_WARN_ENUM_CONVERSION = YES;
				CLANG_WARN_INFINITE_RECURSION = YES;
				CLANG_WARN_INT_CONVERSION = YES;
				CLANG_WARN_NON_LITERAL_NULL_CONVERSION = YES;
				CLANG_WARN_OBJC_IMPLICIT_RETAIN_SELF = YES;
				CLANG_WARN_OBJC_LITERAL_CONVERSION = YES;
				CLANG_WARN_OBJC_ROOT_CLASS = YES_ERROR;
				CLANG_WARN_QUOTED_INCLUDE_IN_FRAMEWORK_HEADER = YES;
				CLANG_WARN_RANGE_LOOP_ANALYSIS = YES;
				CLANG_WARN_STRICT_PROTOTYPES = YES;
				CLANG_WARN_SUSPICIOUS_MOVE = YES;
				CLANG_WARN_UNGUARDED_AVAILABILITY = YES_AGGRESSIVE;
				CLANG_WARN_UNREACHABLE_CODE = YES;
				CLANG_WARN__DUPLICATE_METHOD_MATCH = YES;
				COPY_PHASE_STRIP = NO;
				DEBUG_INFORMATION_FORMAT = dwarf;
				ENABLE_STRICT_OBJC_MSGSEND = YES;
				ENABLE_TESTABILITY = YES;
				GCC_C_LANGUAGE_STANDARD = gnu11;
				GCC_DYNAMIC_NO_PIC = NO;
				GCC_NO_COMMON_BLOCKS = YES;
				GCC_OPTIMIZATION_LEVEL = 0;
				GCC_PREPROCESSOR_DEFINITIONS = (
					"DEBUG=1",
					"$(inherited)",
				);
				GCC_WARN_64_TO_32_BIT_CONVERSION = YES;
				GCC_WARN_ABOUT_RETURN_TYPE = YES_ERROR;
				GCC_WARN_UNDECLARED_SELECTOR = YES;
				GCC_WARN_UNINITIALIZED_AUTOS = YES_AGGRESSIVE;
				GCC_WARN_UNUSED_FUNCTION = YES;
				GCC_WARN_UNUSED_VARIABLE = YES;
				IPHONEOS_DEPLOYMENT_TARGET = 14.2;
				MTL_ENABLE_DEBUG_INFO = INCLUDE_SOURCE;
				MTL_FAST_MATH = YES;
				ONLY_ACTIVE_ARCH = YES;
				SDKROOT = iphoneos;
				SWIFT_ACTIVE_COMPILATION_CONDITIONS = DEBUG;
				SWIFT_OPTIMIZATION_LEVEL = "-Onone";
			};
			name = Debug;
		};
		24B112A625A9576300EE8DEA /* Release */ = {
			isa = XCBuildConfiguration;
			buildSettings = {
				ALWAYS_SEARCH_USER_PATHS = NO;
				CLANG_ANALYZER_NONNULL = YES;
				CLANG_ANALYZER_NUMBER_OBJECT_CONVERSION = YES_AGGRESSIVE;
				CLANG_CXX_LANGUAGE_STANDARD = "gnu++14";
				CLANG_CXX_LIBRARY = "libc++";
				CLANG_ENABLE_MODULES = YES;
				CLANG_ENABLE_OBJC_ARC = YES;
				CLANG_ENABLE_OBJC_WEAK = YES;
				CLANG_WARN_BLOCK_CAPTURE_AUTORELEASING = YES;
				CLANG_WARN_BOOL_CONVERSION = YES;
				CLANG_WARN_COMMA = YES;
				CLANG_WARN_CONSTANT_CONVERSION = YES;
				CLANG_WARN_DEPRECATED_OBJC_IMPLEMENTATIONS = YES;
				CLANG_WARN_DIRECT_OBJC_ISA_USAGE = YES_ERROR;
				CLANG_WARN_DOCUMENTATION_COMMENTS = YES;
				CLANG_WARN_EMPTY_BODY = YES;
				CLANG_WARN_ENUM_CONVERSION = YES;
				CLANG_WARN_INFINITE_RECURSION = YES;
				CLANG_WARN_INT_CONVERSION = YES;
				CLANG_WARN_NON_LITERAL_NULL_CONVERSION = YES;
				CLANG_WARN_OBJC_IMPLICIT_RETAIN_SELF = YES;
				CLANG_WARN_OBJC_LITERAL_CONVERSION = YES;
				CLANG_WARN_OBJC_ROOT_CLASS = YES_ERROR;
				CLANG_WARN_QUOTED_INCLUDE_IN_FRAMEWORK_HEADER = YES;
				CLANG_WARN_RANGE_LOOP_ANALYSIS = YES;
				CLANG_WARN_STRICT_PROTOTYPES = YES;
				CLANG_WARN_SUSPICIOUS_MOVE = YES;
				CLANG_WARN_UNGUARDED_AVAILABILITY = YES_AGGRESSIVE;
				CLANG_WARN_UNREACHABLE_CODE = YES;
				CLANG_WARN__DUPLICATE_METHOD_MATCH = YES;
				COPY_PHASE_STRIP = NO;
				DEBUG_INFORMATION_FORMAT = "dwarf-with-dsym";
				ENABLE_NS_ASSERTIONS = NO;
				ENABLE_STRICT_OBJC_MSGSEND = YES;
				GCC_C_LANGUAGE_STANDARD = gnu11;
				GCC_NO_COMMON_BLOCKS = YES;
				GCC_WARN_64_TO_32_BIT_CONVERSION = YES;
				GCC_WARN_ABOUT_RETURN_TYPE = YES_ERROR;
				GCC_WARN_UNDECLARED_SELECTOR = YES;
				GCC_WARN_UNINITIALIZED_AUTOS = YES_AGGRESSIVE;
				GCC_WARN_UNUSED_FUNCTION = YES;
				GCC_WARN_UNUSED_VARIABLE = YES;
				IPHONEOS_DEPLOYMENT_TARGET = 14.2;
				MTL_ENABLE_DEBUG_INFO = NO;
				MTL_FAST_MATH = YES;
				SDKROOT = iphoneos;
				SWIFT_COMPILATION_MODE = wholemodule;
				SWIFT_OPTIMIZATION_LEVEL = "-O";
				VALIDATE_PRODUCT = YES;
			};
			name = Release;
		};
		24B112A825A9576300EE8DEA /* Debug */ = {
			isa = XCBuildConfiguration;
			buildSettings = {
				ASSETCATALOG_COMPILER_APPICON_NAME = AppIcon;
				ASSETCATALOG_COMPILER_GLOBAL_ACCENT_COLOR_NAME = AccentColor;
				CODE_SIGN_STYLE = Automatic;
				DEVELOPMENT_TEAM = 39WWX2FY3V;
				INFOPLIST_FILE = MakeupLogger/Info.plist;
				IPHONEOS_DEPLOYMENT_TARGET = 14.0;
				LD_RUNPATH_SEARCH_PATHS = (
					"$(inherited)",
					"@executable_path/Frameworks",
				);
				PRODUCT_BUNDLE_IDENTIFIER = saitoh0526.k.MakeupLogger;
				PRODUCT_NAME = "$(TARGET_NAME)";
				SWIFT_VERSION = 5.0;
				TARGETED_DEVICE_FAMILY = "1,2";
			};
			name = Debug;
		};
		24B112A925A9576300EE8DEA /* Release */ = {
			isa = XCBuildConfiguration;
			buildSettings = {
				ASSETCATALOG_COMPILER_APPICON_NAME = AppIcon;
				ASSETCATALOG_COMPILER_GLOBAL_ACCENT_COLOR_NAME = AccentColor;
				CODE_SIGN_STYLE = Automatic;
				DEVELOPMENT_TEAM = 39WWX2FY3V;
				INFOPLIST_FILE = MakeupLogger/Info.plist;
				IPHONEOS_DEPLOYMENT_TARGET = 14.0;
				LD_RUNPATH_SEARCH_PATHS = (
					"$(inherited)",
					"@executable_path/Frameworks",
				);
				PRODUCT_BUNDLE_IDENTIFIER = saitoh0526.k.MakeupLogger;
				PRODUCT_NAME = "$(TARGET_NAME)";
				SWIFT_VERSION = 5.0;
				TARGETED_DEVICE_FAMILY = "1,2";
			};
			name = Release;
		};
		24B112AB25A9576300EE8DEA /* Debug */ = {
			isa = XCBuildConfiguration;
			buildSettings = {
				ALWAYS_EMBED_SWIFT_STANDARD_LIBRARIES = YES;
				BUNDLE_LOADER = "$(TEST_HOST)";
				CODE_SIGN_STYLE = Automatic;
				DEVELOPMENT_TEAM = 39WWX2FY3V;
				INFOPLIST_FILE = MakeupLoggerTests/Info.plist;
				IPHONEOS_DEPLOYMENT_TARGET = 14.2;
				LD_RUNPATH_SEARCH_PATHS = (
					"$(inherited)",
					"@executable_path/Frameworks",
					"@loader_path/Frameworks",
				);
				PRODUCT_BUNDLE_IDENTIFIER = saitoh0526.k.MakeupLoggerTests;
				PRODUCT_NAME = "$(TARGET_NAME)";
				SWIFT_VERSION = 5.0;
				TARGETED_DEVICE_FAMILY = "1,2";
				TEST_HOST = "$(BUILT_PRODUCTS_DIR)/MakeupLogger.app/MakeupLogger";
			};
			name = Debug;
		};
		24B112AC25A9576300EE8DEA /* Release */ = {
			isa = XCBuildConfiguration;
			buildSettings = {
				ALWAYS_EMBED_SWIFT_STANDARD_LIBRARIES = YES;
				BUNDLE_LOADER = "$(TEST_HOST)";
				CODE_SIGN_STYLE = Automatic;
				DEVELOPMENT_TEAM = 39WWX2FY3V;
				INFOPLIST_FILE = MakeupLoggerTests/Info.plist;
				IPHONEOS_DEPLOYMENT_TARGET = 14.2;
				LD_RUNPATH_SEARCH_PATHS = (
					"$(inherited)",
					"@executable_path/Frameworks",
					"@loader_path/Frameworks",
				);
				PRODUCT_BUNDLE_IDENTIFIER = saitoh0526.k.MakeupLoggerTests;
				PRODUCT_NAME = "$(TARGET_NAME)";
				SWIFT_VERSION = 5.0;
				TARGETED_DEVICE_FAMILY = "1,2";
				TEST_HOST = "$(BUILT_PRODUCTS_DIR)/MakeupLogger.app/MakeupLogger";
			};
			name = Release;
		};
		24B112AE25A9576300EE8DEA /* Debug */ = {
			isa = XCBuildConfiguration;
			buildSettings = {
				ALWAYS_EMBED_SWIFT_STANDARD_LIBRARIES = YES;
				CODE_SIGN_STYLE = Automatic;
				DEVELOPMENT_TEAM = 39WWX2FY3V;
				INFOPLIST_FILE = MakeupLoggerUITests/Info.plist;
				LD_RUNPATH_SEARCH_PATHS = (
					"$(inherited)",
					"@executable_path/Frameworks",
					"@loader_path/Frameworks",
				);
				PRODUCT_BUNDLE_IDENTIFIER = saitoh0526.k.MakeupLoggerUITests;
				PRODUCT_NAME = "$(TARGET_NAME)";
				SWIFT_VERSION = 5.0;
				TARGETED_DEVICE_FAMILY = "1,2";
				TEST_TARGET_NAME = MakeupLogger;
			};
			name = Debug;
		};
		24B112AF25A9576300EE8DEA /* Release */ = {
			isa = XCBuildConfiguration;
			buildSettings = {
				ALWAYS_EMBED_SWIFT_STANDARD_LIBRARIES = YES;
				CODE_SIGN_STYLE = Automatic;
				DEVELOPMENT_TEAM = 39WWX2FY3V;
				INFOPLIST_FILE = MakeupLoggerUITests/Info.plist;
				LD_RUNPATH_SEARCH_PATHS = (
					"$(inherited)",
					"@executable_path/Frameworks",
					"@loader_path/Frameworks",
				);
				PRODUCT_BUNDLE_IDENTIFIER = saitoh0526.k.MakeupLoggerUITests;
				PRODUCT_NAME = "$(TARGET_NAME)";
				SWIFT_VERSION = 5.0;
				TARGETED_DEVICE_FAMILY = "1,2";
				TEST_TARGET_NAME = MakeupLogger;
			};
			name = Release;
		};
/* End XCBuildConfiguration section */

/* Begin XCConfigurationList section */
		24B1127825A9576100EE8DEA /* Build configuration list for PBXProject "MakeupLogger" */ = {
			isa = XCConfigurationList;
			buildConfigurations = (
				24B112A525A9576300EE8DEA /* Debug */,
				24B112A625A9576300EE8DEA /* Release */,
			);
			defaultConfigurationIsVisible = 0;
			defaultConfigurationName = Release;
		};
		24B112A725A9576300EE8DEA /* Build configuration list for PBXNativeTarget "MakeupLogger" */ = {
			isa = XCConfigurationList;
			buildConfigurations = (
				24B112A825A9576300EE8DEA /* Debug */,
				24B112A925A9576300EE8DEA /* Release */,
			);
			defaultConfigurationIsVisible = 0;
			defaultConfigurationName = Release;
		};
		24B112AA25A9576300EE8DEA /* Build configuration list for PBXNativeTarget "MakeupLoggerTests" */ = {
			isa = XCConfigurationList;
			buildConfigurations = (
				24B112AB25A9576300EE8DEA /* Debug */,
				24B112AC25A9576300EE8DEA /* Release */,
			);
			defaultConfigurationIsVisible = 0;
			defaultConfigurationName = Release;
		};
		24B112AD25A9576300EE8DEA /* Build configuration list for PBXNativeTarget "MakeupLoggerUITests" */ = {
			isa = XCConfigurationList;
			buildConfigurations = (
				24B112AE25A9576300EE8DEA /* Debug */,
				24B112AF25A9576300EE8DEA /* Release */,
			);
			defaultConfigurationIsVisible = 0;
			defaultConfigurationName = Release;
		};
/* End XCConfigurationList section */
	};
	rootObject = 24B1127525A9576100EE8DEA /* Project object */;
}
